
Microsoft Visual Studio Solution File, Format Version 12.00
# Visual Studio Version 17
VisualStudioVersion = 17.4.33213.308
MinimumVisualStudioVersion = 10.0.40219.1
Project("{FAE04EC0-301F-11D3-BF4B-00C04F79EFBC}") = "ProgressTimer", "ProgressTimer\ProgressTimer.csproj", "{54C41E15-1372-4C65-80EF-0BC1FD316EDA}"
EndProject
Project("{FAE04EC0-301F-11D3-BF4B-00C04F79EFBC}") = "ProgressTimerDemo", "ProgressTimerDemo\ProgressTimerDemo.csproj", "{944FD578-1343-4DDB-8722-D27E057F7A8F}"
EndProject
Global
	GlobalSection(SolutionConfigurationPlatforms) = preSolution
		Debug|Any CPU = Debug|Any CPU
		Release|Any CPU = Release|Any CPU
	EndGlobalSection
	GlobalSection(ProjectConfigurationPlatforms) = postSolution
		{54C41E15-1372-4C65-80EF-0BC1FD316EDA}.Debug|Any CPU.ActiveCfg = Debug|Any CPU
		{54C41E15-1372-4C65-80EF-0BC1FD316EDA}.Debug|Any CPU.Build.0 = Debug|Any CPU
		{54C41E15-1372-4C65-80EF-0BC1FD316EDA}.Release|Any CPU.ActiveCfg = Release|Any CPU
		{54C41E15-1372-4C65-80EF-0BC1FD316EDA}.Release|Any CPU.Build.0 = Release|Any CPU
		{944FD578-1343-4DDB-8722-D27E057F7A8F}.Debug|Any CPU.ActiveCfg = Debug|Any CPU
		{944FD578-1343-4DDB-8722-D27E057F7A8F}.Debug|Any CPU.Build.0 = Debug|Any CPU
		{944FD578-1343-4DDB-8722-D27E057F7A8F}.Release|Any CPU.ActiveCfg = Release|Any CPU
		{944FD578-1343-4DDB-8722-D27E057F7A8F}.Release|Any CPU.Build.0 = Release|Any CPU
	EndGlobalSection
	GlobalSection(SolutionProperties) = preSolution
		HideSolutionNode = FALSE
	EndGlobalSection
	GlobalSection(ExtensibilityGlobals) = postSolution
		SolutionGuid = {F12B33D1-CB1A-49EC-AEAB-ACAF1E8C5724}
	EndGlobalSection
EndGlobal
